Microsoft Visual Studio Solution File, Format Version 12.00
# Visual Studio Version 17
VisualStudioVersion = 17.5.2.0
MinimumVisualStudioVersion = 10.0.40219.1
Project("{FAE04EC0-301F-11D3-BF4B-00C04F79EFBC}") = "Labb2", "Labb2.csproj", "{479F37FE-DF34-B1F3-13CB-9A6964317CD9}"
EndProject
Global
	GlobalSection(SolutionConfigurationPlatforms) = preSolution
		Debug|Any CPU = Debug|Any CPU
		Release|Any CPU = Release|Any CPU
	EndGlobalSection
	GlobalSection(ProjectConfigurationPlatforms) = postSolution
		{479F37FE-DF34-B1F3-13CB-9A6964317CD9}.Debug|Any CPU.ActiveCfg = Debug|Any CPU
		{479F37FE-DF34-B1F3-13CB-9A6964317CD9}.Debug|Any CPU.Build.0 = Debug|Any CPU
		{479F37FE-DF34-B1F3-13CB-9A6964317CD9}.Release|Any CPU.ActiveCfg = Release|Any CPU
		{479F37FE-DF34-B1F3-13CB-9A6964317CD9}.Release|Any CPU.Build.0 = Release|Any CPU
	EndGlobalSection
	GlobalSection(SolutionProperties) = preSolution
		HideSolutionNode = FALSE
	EndGlobalSection
	GlobalSection(ExtensibilityGlobals) = postSolution
		SolutionGuid = {400F192C-5D07-4902-80D6-4FE6E0B13894}
	EndGlobalSection
EndGlobal
